
Microsoft Visual Studio Solution File, Format Version 12.00
# Visual Studio Version 17
VisualStudioVersion = 17.1.32228.430
MinimumVisualStudioVersion = 10.0.40219.1
Project("{2150E333-8FDC-42A3-9474-1A3956D46DE8}") = "压力测试包", "压力测试包", "{5D0673CB-960C-46C5-8357-DB4095564BE3}"
EndProject
Project("{9A19103F-16F7-4668-BE54-9A1E7A4F7556}") = "Stresser", "压力测试包\Stresser\Stresser.csproj", "{046D3875-FA16-4467-BB41-40DA60A86A6D}"
	ProjectSection(ProjectDependencies) = postProject
		{50FD850F-B12A-4D3E-9727-5DB4A97DAB08} = {50FD850F-B12A-4D3E-9727-5DB4A97DAB08}
		{E60941A3-F66B-40C3-8F6B-697394863DF9} = {E60941A3-F66B-40C3-8F6B-697394863DF9}
		{D238F8AA-DE12-49E7-B4A7-9B69579A69C0} = {D238F8AA-DE12-49E7-B4A7-9B69579A69C0}
	EndProjectSection
EndProject
Project("{8BC9CEB8-8B4A-11D0-8D11-00A0C91BC942}") = "cpu_burner", "压力测试包\cpu_burner\cpu_burner.vcxproj", "{50FD850F-B12A-4D3E-9727-5DB4A97DAB08}"
EndProject
Project("{8BC9CEB8-8B4A-11D0-8D11-00A0C91BC942}") = "memory_burner", "压力测试包\memory_burner\memory_burner.vcxproj", "{E60941A3-F66B-40C3-8F6B-697394863DF9}"
EndProject
Project("{9A19103F-16F7-4668-BE54-9A1E7A4F7556}") = "Monitor", "Monitor\Monitor.csproj", "{AEA3D2A5-9179-499A-BA2A-AC1BFAA21F91}"
EndProject
Project("{9A19103F-16F7-4668-BE54-9A1E7A4F7556}") = "HardwareInfo", "HardwareInfo\HardwareInfo.csproj", "{ED57A4D6-4708-48C5-9696-BA0AEF39BD5F}"
EndProject
Project("{2150E333-8FDC-42A3-9474-1A3956D46DE8}") = "diskpsd", "diskpsd", "{2B524F0C-43EB-4A3C-91AD-B187C68F5842}"
EndProject
Project("{8BC9CEB8-8B4A-11D0-8D11-00A0C91BC942}") = "CmdLineParser", "压力测试包\diskspd\diskspd_vs\CmdLineParser\CmdLineParser.vcxproj", "{0EF5CE78-8E92-4A1B-A255-0F544AADA291}"
EndProject
Project("{8BC9CEB8-8B4A-11D0-8D11-00A0C91BC942}") = "CmdRequestCreator", "压力测试包\diskspd\diskspd_vs\CmdRequestCreator\CmdRequestCreator.vcxproj", "{D238F8AA-DE12-49E7-B4A7-9B69579A69C0}"
EndProject
Project("{8BC9CEB8-8B4A-11D0-8D11-00A0C91BC942}") = "Common", "压力测试包\diskspd\diskspd_vs\Common\Common.vcxproj", "{B253AB42-F482-417A-82CE-EDAFCD26F366}"
EndProject
Project("{8BC9CEB8-8B4A-11D0-8D11-00A0C91BC942}") = "IORequestGenerator", "压力测试包\diskspd\diskspd_vs\IORequestGenerator\IORequestGenerator.vcxproj", "{62DB1E99-FBA0-45FD-9355-423059BA03B8}"
EndProject
Project("{8BC9CEB8-8B4A-11D0-8D11-00A0C91BC942}") = "ResultParser", "压力测试包\diskspd\diskspd_vs\ResultParser\ResultParser.vcxproj", "{F6C211DC-B076-4716-BCDC-D7DE88973B66}"
EndProject
Project("{8BC9CEB8-8B4A-11D0-8D11-00A0C91BC942}") = "XmlProfileParser", "压力测试包\diskspd\diskspd_vs\XmlProfileParser\XmlProfileParser.vcxproj", "{EFF06674-B068-45F1-9661-DB9363B025B3}"
EndProject
Project("{8BC9CEB8-8B4A-11D0-8D11-00A0C91BC942}") = "XmlResultParser", "压力测试包\diskspd\diskspd_vs\XmlResultParser\XmlResultParser.vcxproj", "{60A28E9C-C245-4D99-9C1C-EC911031743F}"
EndProject
Project("{9A19103F-16F7-4668-BE54-9A1E7A4F7556}") = "ConsoleApp1", "ConsoleApp1\ConsoleApp1.csproj", "{2C2BAEDB-F18E-4ECC-9F07-F524444E88B4}"
EndProject
Project("{2150E333-8FDC-42A3-9474-1A3956D46DE8}") = "通信程序集", "通信程序集", "{C1A9625A-8223-4E6C-8C28-DE8C44AB9C06}"
EndProject
Project("{9A19103F-16F7-4668-BE54-9A1E7A4F7556}") = "ProgramServer", "通信程序集\ProgramServer\ProgramServer.csproj", "{EEEB26A7-852A-4D34-A65C-DBC79076EAA5}"
EndProject
Global
	GlobalSection(SolutionConfigurationPlatforms) = preSolution
		Debug|Any CPU = Debug|Any CPU
		Debug|x64 = Debug|x64
		Debug|x86 = Debug|x86
		Release|Any CPU = Release|Any CPU
		Release|x64 = Release|x64
		Release|x86 = Release|x86
	EndGlobalSection
	GlobalSection(ProjectConfigurationPlatforms) = postSolution
		{046D3875-FA16-4467-BB41-40DA60A86A6D}.Debug|Any CPU.ActiveCfg = Debug|Any CPU
		{046D3875-FA16-4467-BB41-40DA60A86A6D}.Debug|Any CPU.Build.0 = Debug|Any CPU
		{046D3875-FA16-4467-BB41-40DA60A86A6D}.Debug|x64.ActiveCfg = Debug|Any CPU
		{046D3875-FA16-4467-BB41-40DA60A86A6D}.Debug|x64.Build.0 = Debug|Any CPU
		{046D3875-FA16-4467-BB41-40DA60A86A6D}.Debug|x86.ActiveCfg = Debug|Any CPU
		{046D3875-FA16-4467-BB41-40DA60A86A6D}.Debug|x86.Build.0 = Debug|Any CPU
		{046D3875-FA16-4467-BB41-40DA60A86A6D}.Release|Any CPU.ActiveCfg = Release|Any CPU
		{046D3875-FA16-4467-BB41-40DA60A86A6D}.Release|Any CPU.Build.0 = Release|Any CPU
		{046D3875-FA16-4467-BB41-40DA60A86A6D}.Release|x64.ActiveCfg = Release|Any CPU
		{046D3875-FA16-4467-BB41-40DA60A86A6D}.Release|x64.Build.0 = Release|Any CPU
		{046D3875-FA16-4467-BB41-40DA60A86A6D}.Release|x86.ActiveCfg = Release|Any CPU
		{046D3875-FA16-4467-BB41-40DA60A86A6D}.Release|x86.Build.0 = Release|Any CPU
		{50FD850F-B12A-4D3E-9727-5DB4A97DAB08}.Debug|Any CPU.ActiveCfg = Debug|x64
		{50FD850F-B12A-4D3E-9727-5DB4A97DAB08}.Debug|Any CPU.Build.0 = Debug|x64
		{50FD850F-B12A-4D3E-9727-5DB4A97DAB08}.Debug|x64.ActiveCfg = Debug|x64
		{50FD850F-B12A-4D3E-9727-5DB4A97DAB08}.Debug|x64.Build.0 = Debug|x64
		{50FD850F-B12A-4D3E-9727-5DB4A97DAB08}.Debug|x86.ActiveCfg = Debug|Win32
		{50FD850F-B12A-4D3E-9727-5DB4A97DAB08}.Debug|x86.Build.0 = Debug|Win32
		{50FD850F-B12A-4D3E-9727-5DB4A97DAB08}.Release|Any CPU.ActiveCfg = Release|x64
		{50FD850F-B12A-4D3E-9727-5DB4A97DAB08}.Release|Any CPU.Build.0 = Release|x64
		{50FD850F-B12A-4D3E-9727-5DB4A97DAB08}.Release|x64.ActiveCfg = Release|x64
		{50FD850F-B12A-4D3E-9727-5DB4A97DAB08}.Release|x64.Build.0 = Release|x64
		{50FD850F-B12A-4D3E-9727-5DB4A97DAB08}.Release|x86.ActiveCfg = Release|Win32
		{50FD850F-B12A-4D3E-9727-5DB4A97DAB08}.Release|x86.Build.0 = Release|Win32
		{E60941A3-F66B-40C3-8F6B-697394863DF9}.Debug|Any CPU.ActiveCfg = Debug|x64
		{E60941A3-F66B-40C3-8F6B-697394863DF9}.Debug|Any CPU.Build.0 = Debug|x64
		{E60941A3-F66B-40C3-8F6B-697394863DF9}.Debug|x64.ActiveCfg = Debug|x64
		{E60941A3-F66B-40C3-8F6B-697394863DF9}.Debug|x64.Build.0 = Debug|x64
		{E60941A3-F66B-40C3-8F6B-697394863DF9}.Debug|x86.ActiveCfg = Debug|Win32
		{E60941A3-F66B-40C3-8F6B-697394863DF9}.Debug|x86.Build.0 = Debug|Win32
		{E60941A3-F66B-40C3-8F6B-697394863DF9}.Release|Any CPU.ActiveCfg = Release|x64
		{E60941A3-F66B-40C3-8F6B-697394863DF9}.Release|Any CPU.Build.0 = Release|x64
		{E60941A3-F66B-40C3-8F6B-697394863DF9}.Release|x64.ActiveCfg = Release|x64
		{E60941A3-F66B-40C3-8F6B-697394863DF9}.Release|x64.Build.0 = Release|x64
		{E60941A3-F66B-40C3-8F6B-697394863DF9}.Release|x86.ActiveCfg = Release|Win32
		{E60941A3-F66B-40C3-8F6B-697394863DF9}.Release|x86.Build.0 = Release|Win32
		{AEA3D2A5-9179-499A-BA2A-AC1BFAA21F91}.Debug|Any CPU.ActiveCfg = Debug|Any CPU
		{AEA3D2A5-9179-499A-BA2A-AC1BFAA21F91}.Debug|Any CPU.Build.0 = Debug|Any CPU
		{AEA3D2A5-9179-499A-BA2A-AC1BFAA21F91}.Debug|x64.ActiveCfg = Debug|Any CPU
		{AEA3D2A5-9179-499A-BA2A-AC1BFAA21F91}.Debug|x64.Build.0 = Debug|Any CPU
		{AEA3D2A5-9179-499A-BA2A-AC1BFAA21F91}.Debug|x86.ActiveCfg = Debug|Any CPU
		{AEA3D2A5-9179-499A-BA2A-AC1BFAA21F91}.Debug|x86.Build.0 = Debug|Any CPU
		{AEA3D2A5-9179-499A-BA2A-AC1BFAA21F91}.Release|Any CPU.ActiveCfg = Release|Any CPU
		{AEA3D2A5-9179-499A-BA2A-AC1BFAA21F91}.Release|Any CPU.Build.0 = Release|Any CPU
		{AEA3D2A5-9179-499A-BA2A-AC1BFAA21F91}.Release|x64.ActiveCfg = Release|Any CPU
		{AEA3D2A5-9179-499A-BA2A-AC1BFAA21F91}.Release|x64.Build.0 = Release|Any CPU
		{AEA3D2A5-9179-499A-BA2A-AC1BFAA21F91}.Release|x86.ActiveCfg = Release|Any CPU
		{AEA3D2A5-9179-499A-BA2A-AC1BFAA21F91}.Release|x86.Build.0 = Release|Any CPU
		{ED57A4D6-4708-48C5-9696-BA0AEF39BD5F}.Debug|Any CPU.ActiveCfg = Debug|Any CPU
		{ED57A4D6-4708-48C5-9696-BA0AEF39BD5F}.Debug|Any CPU.Build.0 = Debug|Any CPU
		{ED57A4D6-4708-48C5-9696-BA0AEF39BD5F}.Debug|x64.ActiveCfg = Debug|Any CPU
		{ED57A4D6-4708-48C5-9696-BA0AEF39BD5F}.Debug|x64.Build.0 = Debug|Any CPU
		{ED57A4D6-4708-48C5-9696-BA0AEF39BD5F}.Debug|x86.ActiveCfg = Debug|Any CPU
		{ED57A4D6-4708-48C5-9696-BA0AEF39BD5F}.Debug|x86.Build.0 = Debug|Any CPU
		{ED57A4D6-4708-48C5-9696-BA0AEF39BD5F}.Release|Any CPU.ActiveCfg = Release|Any CPU
		{ED57A4D6-4708-48C5-9696-BA0AEF39BD5F}.Release|Any CPU.Build.0 = Release|Any CPU
		{ED57A4D6-4708-48C5-9696-BA0AEF39BD5F}.Release|x64.ActiveCfg = Release|Any CPU
		{ED57A4D6-4708-48C5-9696-BA0AEF39BD5F}.Release|x64.Build.0 = Release|Any CPU
		{ED57A4D6-4708-48C5-9696-BA0AEF39BD5F}.Release|x86.ActiveCfg = Release|Any CPU
		{ED57A4D6-4708-48C5-9696-BA0AEF39BD5F}.Release|x86.Build.0 = Release|Any CPU
		{0EF5CE78-8E92-4A1B-A255-0F544AADA291}.Debug|Any CPU.ActiveCfg = Debug|x64
		{0EF5CE78-8E92-4A1B-A255-0F544AADA291}.Debug|Any CPU.Build.0 = Debug|x64
		{0EF5CE78-8E92-4A1B-A255-0F544AADA291}.Debug|x64.ActiveCfg = Debug|x64
		{0EF5CE78-8E92-4A1B-A255-0F544AADA291}.Debug|x64.Build.0 = Debug|x64
		{0EF5CE78-8E92-4A1B-A255-0F544AADA291}.Debug|x86.ActiveCfg = Debug|Win32
		{0EF5CE78-8E92-4A1B-A255-0F544AADA291}.Debug|x86.Build.0 = Debug|Win32
		{0EF5CE78-8E92-4A1B-A255-0F544AADA291}.Release|Any CPU.ActiveCfg = Release|x64
		{0EF5CE78-8E92-4A1B-A255-0F544AADA291}.Release|Any CPU.Build.0 = Release|x64
		{0EF5CE78-8E92-4A1B-A255-0F544AADA291}.Release|x64.ActiveCfg = Release|x64
		{0EF5CE78-8E92-4A1B-A255-0F544AADA291}.Release|x64.Build.0 = Release|x64
		{0EF5CE78-8E92-4A1B-A255-0F544AADA291}.Release|x86.ActiveCfg = Release|Win32
		{0EF5CE78-8E92-4A1B-A255-0F544AADA291}.Release|x86.Build.0 = Release|Win32
		{D238F8AA-DE12-49E7-B4A7-9B69579A69C0}.Debug|Any CPU.ActiveCfg = Debug|x64
		{D238F8AA-DE12-49E7-B4A7-9B69579A69C0}.Debug|Any CPU.Build.0 = Debug|x64
		{D238F8AA-DE12-49E7-B4A7-9B69579A69C0}.Debug|x64.ActiveCfg = Debug|x64
		{D238F8AA-DE12-49E7-B4A7-9B69579A69C0}.Debug|x64.Build.0 = Debug|x64
		{D238F8AA-DE12-49E7-B4A7-9B69579A69C0}.Debug|x86.ActiveCfg = Debug|Win32
		{D238F8AA-DE12-49E7-B4A7-9B69579A69C0}.Debug|x86.Build.0 = Debug|Win32
		{D238F8AA-DE12-49E7-B4A7-9B69579A69C0}.Release|Any CPU.ActiveCfg = Release|x64
		{D238F8AA-DE12-49E7-B4A7-9B69579A69C0}.Release|Any CPU.Build.0 = Release|x64
		{D238F8AA-DE12-49E7-B4A7-9B69579A69C0}.Release|x64.ActiveCfg = Release|x64
		{D238F8AA-DE12-49E7-B4A7-9B69579A69C0}.Release|x64.Build.0 = Release|x64
		{D238F8AA-DE12-49E7-B4A7-9B69579A69C0}.Release|x86.ActiveCfg = Release|Win32
		{D238F8AA-DE12-49E7-B4A7-9B69579A69C0}.Release|x86.Build.0 = Release|Win32
		{B253AB42-F482-417A-82CE-EDAFCD26F366}.Debug|Any CPU.ActiveCfg = Debug|x64
		{B253AB42-F482-417A-82CE-EDAFCD26F366}.Debug|Any CPU.Build.0 = Debug|x64
		{B253AB42-F482-417A-82CE-EDAFCD26F366}.Debug|x64.ActiveCfg = Debug|x64
		{B253AB42-F482-417A-82CE-EDAFCD26F366}.Debug|x64.Build.0 = Debug|x64
		{B253AB42-F482-417A-82CE-EDAFCD26F366}.Debug|x86.ActiveCfg = Debug|Win32
		{B253AB42-F482-417A-82CE-EDAFCD26F366}.Debug|x86.Build.0 = Debug|Win32
		{B253AB42-F482-417A-82CE-EDAFCD26F366}.Release|Any CPU.ActiveCfg = Release|x64
		{B253AB42-F482-417A-82CE-EDAFCD26F366}.Release|Any CPU.Build.0 = Release|x64
		{B253AB42-F482-417A-82CE-EDAFCD26F366}.Release|x64.ActiveCfg = Release|x64
		{B253AB42-F482-417A-82CE-EDAFCD26F366}.Release|x64.Build.0 = Release|x64
		{B253AB42-F482-417A-82CE-EDAFCD26F366}.Release|x86.ActiveCfg = Release|Win32
		{B253AB42-F482-417A-82CE-EDAFCD26F366}.Release|x86.Build.0 = Release|Win32
		{62DB1E99-FBA0-45FD-9355-423059BA03B8}.Debug|Any CPU.ActiveCfg = Debug|x64
		{62DB1E99-FBA0-45FD-9355-423059BA03B8}.Debug|Any CPU.Build.0 = Debug|x64
		{62DB1E99-FBA0-45FD-9355-423059BA03B8}.Debug|x64.ActiveCfg = Debug|x64
		{62DB1E99-FBA0-45FD-9355-423059BA03B8}.Debug|x64.Build.0 = Debug|x64
		{62DB1E99-FBA0-45FD-9355-423059BA03B8}.Debug|x86.ActiveCfg = Debug|Win32
		{62DB1E99-FBA0-45FD-9355-423059BA03B8}.Debug|x86.Build.0 = Debug|Win32
		{62DB1E99-FBA0-45FD-9355-423059BA03B8}.Release|Any CPU.ActiveCfg = Release|x64
		{62DB1E99-FBA0-45FD-9355-423059BA03B8}.Release|Any CPU.Build.0 = Release|x64
		{62DB1E99-FBA0-45FD-9355-423059BA03B8}.Release|x64.ActiveCfg = Release|x64
		{62DB1E99-FBA0-45FD-9355-423059BA03B8}.Release|x64.Build.0 = Release|x64
		{62DB1E99-FBA0-45FD-9355-423059BA03B8}.Release|x86.ActiveCfg = Release|Win32
		{62DB1E99-FBA0-45FD-9355-423059BA03B8}.Release|x86.Build.0 = Release|Win32
		{F6C211DC-B076-4716-BCDC-D7DE88973B66}.Debug|Any CPU.ActiveCfg = Debug|x64
		{F6C211DC-B076-4716-BCDC-D7DE88973B66}.Debug|Any CPU.Build.0 = Debug|x64
		{F6C211DC-B076-4716-BCDC-D7DE88973B66}.Debug|x64.ActiveCfg = Debug|x64
		{F6C211DC-B076-4716-BCDC-D7DE88973B66}.Debug|x64.Build.0 = Debug|x64
		{F6C211DC-B076-4716-BCDC-D7DE88973B66}.Debug|x86.ActiveCfg = Debug|Win32
		{F6C211DC-B076-4716-BCDC-D7DE88973B66}.Debug|x86.Build.0 = Debug|Win32
		{F6C211DC-B076-4716-BCDC-D7DE88973B66}.Release|Any CPU.ActiveCfg = Release|x64
		{F6C211DC-B076-4716-BCDC-D7DE88973B66}.Release|Any CPU.Build.0 = Release|x64
		{F6C211DC-B076-4716-BCDC-D7DE88973B66}.Release|x64.ActiveCfg = Release|x64
		{F6C211DC-B076-4716-BCDC-D7DE88973B66}.Release|x64.Build.0 = Release|x64
		{F6C211DC-B076-4716-BCDC-D7DE88973B66}.Release|x86.ActiveCfg = Release|Win32
		{F6C211DC-B076-4716-BCDC-D7DE88973B66}.Release|x86.Build.0 = Release|Win32
		{EFF06674-B068-45F1-9661-DB9363B025B3}.Debug|Any CPU.ActiveCfg = Debug|x64
		{EFF06674-B068-45F1-9661-DB9363B025B3}.Debug|Any CPU.Build.0 = Debug|x64
		{EFF06674-B068-45F1-9661-DB9363B025B3}.Debug|x64.ActiveCfg = Debug|x64
		{EFF06674-B068-45F1-9661-DB9363B025B3}.Debug|x64.Build.0 = Debug|x64
		{EFF06674-B068-45F1-9661-DB9363B025B3}.Debug|x86.ActiveCfg = Debug|Win32
		{EFF06674-B068-45F1-9661-DB9363B025B3}.Debug|x86.Build.0 = Debug|Win32
		{EFF06674-B068-45F1-9661-DB9363B025B3}.Release|Any CPU.ActiveCfg = Release|x64
		{EFF06674-B068-45F1-9661-DB9363B025B3}.Release|Any CPU.Build.0 = Release|x64
		{EFF06674-B068-45F1-9661-DB9363B025B3}.Release|x64.ActiveCfg = Release|x64
		{EFF06674-B068-45F1-9661-DB9363B025B3}.Release|x64.Build.0 = Release|x64
		{EFF06674-B068-45F1-9661-DB9363B025B3}.Release|x86.ActiveCfg = Release|Win32
		{EFF06674-B068-45F1-9661-DB9363B025B3}.Release|x86.Build.0 = Release|Win32
		{60A28E9C-C245-4D99-9C1C-EC911031743F}.Debug|Any CPU.ActiveCfg = Debug|x64
		{60A28E9C-C245-4D99-9C1C-EC911031743F}.Debug|Any CPU.Build.0 = Debug|x64
		{60A28E9C-C245-4D99-9C1C-EC911031743F}.Debug|x64.ActiveCfg = Debug|x64
		{60A28E9C-C245-4D99-9C1C-EC911031743F}.Debug|x64.Build.0 = Debug|x64
		{60A28E9C-C245-4D99-9C1C-EC911031743F}.Debug|x86.ActiveCfg = Debug|Win32
		{60A28E9C-C245-4D99-9C1C-EC911031743F}.Debug|x86.Build.0 = Debug|Win32
		{60A28E9C-C245-4D99-9C1C-EC911031743F}.Release|Any CPU.ActiveCfg = Release|x64
		{60A28E9C-C245-4D99-9C1C-EC911031743F}.Release|Any CPU.Build.0 = Release|x64
		{60A28E9C-C245-4D99-9C1C-EC911031743F}.Release|x64.ActiveCfg = Release|x64
		{60A28E9C-C245-4D99-9C1C-EC911031743F}.Release|x64.Build.0 = Release|x64
		{60A28E9C-C245-4D99-9C1C-EC911031743F}.Release|x86.ActiveCfg = Release|Win32
		{60A28E9C-C245-4D99-9C1C-EC911031743F}.Release|x86.Build.0 = Release|Win32
		{2C2BAEDB-F18E-4ECC-9F07-F524444E88B4}.Debug|Any CPU.ActiveCfg = Debug|Any CPU
		{2C2BAEDB-F18E-4ECC-9F07-F524444E88B4}.Debug|Any CPU.Build.0 = Debug|Any CPU
		{2C2BAEDB-F18E-4ECC-9F07-F524444E88B4}.Debug|x64.ActiveCfg = Debug|Any CPU
		{2C2BAEDB-F18E-4ECC-9F07-F524444E88B4}.Debug|x64.Build.0 = Debug|Any CPU
		{2C2BAEDB-F18E-4ECC-9F07-F524444E88B4}.Debug|x86.ActiveCfg = Debug|Any CPU
		{2C2BAEDB-F18E-4ECC-9F07-F524444E88B4}.Debug|x86.Build.0 = Debug|Any CPU
		{2C2BAEDB-F18E-4ECC-9F07-F524444E88B4}.Release|Any CPU.ActiveCfg = Release|Any CPU
		{2C2BAEDB-F18E-4ECC-9F07-F524444E88B4}.Release|Any CPU.Build.0 = Release|Any CPU
		{2C2BAEDB-F18E-4ECC-9F07-F524444E88B4}.Release|x64.ActiveCfg = Release|Any CPU
		{2C2BAEDB-F18E-4ECC-9F07-F524444E88B4}.Release|x64.Build.0 = Release|Any CPU
		{2C2BAEDB-F18E-4ECC-9F07-F524444E88B4}.Release|x86.ActiveCfg = Release|Any CPU
		{2C2BAEDB-F18E-4ECC-9F07-F524444E88B4}.Release|x86.Build.0 = Release|Any CPU
		{EEEB26A7-852A-4D34-A65C-DBC79076EAA5}.Debug|Any CPU.ActiveCfg = Debug|Any CPU
		{EEEB26A7-852A-4D34-A65C-DBC79076EAA5}.Debug|Any CPU.Build.0 = Debug|Any CPU
		{EEEB26A7-852A-4D34-A65C-DBC79076EAA5}.Debug|x64.ActiveCfg = Debug|Any CPU
		{EEEB26A7-852A-4D34-A65C-DBC79076EAA5}.Debug|x64.Build.0 = Debug|Any CPU
		{EEEB26A7-852A-4D34-A65C-DBC79076EAA5}.Debug|x86.ActiveCfg = Debug|Any CPU
		{EEEB26A7-852A-4D34-A65C-DBC79076EAA5}.Debug|x86.Build.0 = Debug|Any CPU
		{EEEB26A7-852A-4D34-A65C-DBC79076EAA5}.Release|Any CPU.ActiveCfg = Release|Any CPU
		{EEEB26A7-852A-4D34-A65C-DBC79076EAA5}.Release|Any CPU.Build.0 = Release|Any CPU
		{EEEB26A7-852A-4D34-A65C-DBC79076EAA5}.Release|x64.ActiveCfg = Release|Any CPU
		{EEEB26A7-852A-4D34-A65C-DBC79076EAA5}.Release|x64.Build.0 = Release|Any CPU
		{EEEB26A7-852A-4D34-A65C-DBC79076EAA5}.Release|x86.ActiveCfg = Release|Any CPU
		{EEEB26A7-852A-4D34-A65C-DBC79076EAA5}.Release|x86.Build.0 = Release|Any CPU
	EndGlobalSection
	GlobalSection(SolutionProperties) = preSolution
		HideSolutionNode = FALSE
	EndGlobalSection
	GlobalSection(NestedProjects) = preSolution
		{046D3875-FA16-4467-BB41-40DA60A86A6D} = {5D0673CB-960C-46C5-8357-DB4095564BE3}
		{50FD850F-B12A-4D3E-9727-5DB4A97DAB08} = {5D0673CB-960C-46C5-8357-DB4095564BE3}
		{E60941A3-F66B-40C3-8F6B-697394863DF9} = {5D0673CB-960C-46C5-8357-DB4095564BE3}
		{2B524F0C-43EB-4A3C-91AD-B187C68F5842} = {5D0673CB-960C-46C5-8357-DB4095564BE3}
		{0EF5CE78-8E92-4A1B-A255-0F544AADA291} = {2B524F0C-43EB-4A3C-91AD-B187C68F5842}
		{D238F8AA-DE12-49E7-B4A7-9B69579A69C0} = {2B524F0C-43EB-4A3C-91AD-B187C68F5842}
		{B253AB42-F482-417A-82CE-EDAFCD26F366} = {2B524F0C-43EB-4A3C-91AD-B187C68F5842}
		{62DB1E99-FBA0-45FD-9355-423059BA03B8} = {2B524F0C-43EB-4A3C-91AD-B187C68F5842}
		{F6C211DC-B076-4716-BCDC-D7DE88973B66} = {2B524F0C-43EB-4A3C-91AD-B187C68F5842}
		{EFF06674-B068-45F1-9661-DB9363B025B3} = {2B524F0C-43EB-4A3C-91AD-B187C68F5842}
		{60A28E9C-C245-4D99-9C1C-EC911031743F} = {2B524F0C-43EB-4A3C-91AD-B187C68F5842}
		{EEEB26A7-852A-4D34-A65C-DBC79076EAA5} = {C1A9625A-8223-4E6C-8C28-DE8C44AB9C06}
	EndGlobalSection
	GlobalSection(ExtensibilityGlobals) = postSolution
		SolutionGuid = {10F31B0A-37B1-4696-A6C7-909317B42CE7}
	EndGlobalSection
EndGlobal
